
Microsoft Visual Studio Solution File, Format Version 12.00
# Visual Studio Version 16
VisualStudioVersion = 16.0.31624.102
MinimumVisualStudioVersion = 10.0.40219.1
Project("{FAE04EC0-301F-11D3-BF4B-00C04F79EFBC}") = "Whoose Water Park (Lite Software Development)", "Whoose Water Park (Lite Software Development).csproj", "{A63C92C1-5E45-49C4-B3E2-0E7D23A92FE8}"
EndProject
Global
	GlobalSection(SolutionConfigurationPlatforms) = preSolution
		Debug|Any CPU = Debug|Any CPU
		Release|Any CPU = Release|Any CPU
	EndGlobalSection
	GlobalSection(ProjectConfigurationPlatforms) = postSolution
		{A63C92C1-5E45-49C4-B3E2-0E7D23A92FE8}.Debug|Any CPU.ActiveCfg = Debug|Any CPU
		{A63C92C1-5E45-49C4-B3E2-0E7D23A92FE8}.Debug|Any CPU.Build.0 = Debug|Any CPU
		{A63C92C1-5E45-49C4-B3E2-0E7D23A92FE8}.Release|Any CPU.ActiveCfg = Release|Any CPU
		{A63C92C1-5E45-49C4-B3E2-0E7D23A92FE8}.Release|Any CPU.Build.0 = Release|Any CPU
	EndGlobalSection
	GlobalSection(SolutionProperties) = preSolution
		HideSolutionNode = FALSE
	EndGlobalSection
	GlobalSection(ExtensibilityGlobals) = postSolution
		SolutionGuid = {90D2E9EE-3A2B-4079-81F2-B4F40155270C}
	EndGlobalSection
EndGlobal
